{
  "name": "qucom-sdk",
  "version": "0.1.12",
  "lockfileVersion": 3,
  "requires": true,
  "packages": {
    "": {
      "name": "qucom-sdk",
      "version": "0.1.12",
      "license": "MIT",
      "dependencies": {
        "qucom-sdk": "^0.1.11"
      }
    },
    "node_modules/qucom-sdk": {
      "version": "0.1.11",
      "resolved": "https://registry.npmjs.org/qucom-sdk/-/qucom-sdk-0.1.11.tgz",
      "integrity": "sha512-7Kaq8EBD2440s/ivn7BCkT18Z7duw4Cpw/H6itrRXvi/GQEB2UQtYDTtTcPYsR4u6Aes8J7nlLTX2Tc/oj68NQ==",
      "license": "MIT",
      "dependencies": {
        "qucom-sdk": "^0.1.9"
      }
    }
  }
}
