{
  "name": "qucom-sdk",
  "version": "0.1.15",
  "lockfileVersion": 3,
  "requires": true,
  "packages": {
    "": {
      "name": "qucom-sdk",
      "version": "0.1.15",
      "license": "MIT",
      "dependencies": {
        "qucom-sdk": "^0.1.11"
      }
    },
    "node_modules/qucom-sdk": {
      "version": "0.1.14",
      "resolved": "https://registry.npmjs.org/qucom-sdk/-/qucom-sdk-0.1.14.tgz",
      "integrity": "sha512-QKG2SA/0+R8nKauV7aIuPNnFuzLbXB/E9ddGOywvi/SxC/O0V1dHkr29X2CmRh6RESeTl1esLSonvlZfAAUpzw==",
      "license": "MIT",
      "dependencies": {
        "qucom-sdk": "^0.1.11"
      }
    }
  }
}
