{
  "name": "qucom-sdk",
  "version": "0.1.15",
  "lockfileVersion": 3,
  "requires": true,
  "packages": {
    "": {
      "name": "qucom-sdk",
      "version": "0.1.15",
      "license": "MIT",
      "dependencies": {
        "qucom-sdk": "^0.1.11"
      }
    },
    "node_modules/qucom-sdk": {
      "version": "0.1.15",
      "resolved": "https://registry.npmjs.org/qucom-sdk/-/qucom-sdk-0.1.15.tgz",
      "integrity": "sha512-OQ/1NH3hWdiVhbJwNdrZkTZxIRdCieXv/TXaaFhtj1yR++wvag0iIOBjIDTiYbCAOxvNDlednH5urU1a67Y7Sg==",
      "license": "MIT",
      "dependencies": {
        "qucom-sdk": "^0.1.11"
      }
    }
  }
}
